
Microsoft Visual Studio Solution File, Format Version 12.00
# Visual Studio 15
VisualStudioVersion = 15.0.28010.2016
MinimumVisualStudioVersion = 10.0.40219.1
Project("{FAE04EC0-301F-11D3-BF4B-00C04F79EFBC}") = "SelectionSort", "SelectionSort\SelectionSort.csproj", "{E88D0571-2D99-4346-BA4C-498A9B17B8BF}"
EndProject
Global
	GlobalSection(SolutionConfigurationPlatforms) = preSolution
		Debug|Any CPU = Debug|Any CPU
		Release|Any CPU = Release|Any CPU
	EndGlobalSection
	GlobalSection(ProjectConfigurationPlatforms) = postSolution
		{E88D0571-2D99-4346-BA4C-498A9B17B8BF}.Debug|Any CPU.ActiveCfg = Debug|Any CPU
		{E88D0571-2D99-4346-BA4C-498A9B17B8BF}.Debug|Any CPU.Build.0 = Debug|Any CPU
		{E88D0571-2D99-4346-BA4C-498A9B17B8BF}.Release|Any CPU.ActiveCfg = Release|Any CPU
		{E88D0571-2D99-4346-BA4C-498A9B17B8BF}.Release|Any CPU.Build.0 = Release|Any CPU
	EndGlobalSection
	GlobalSection(SolutionProperties) = preSolution
		HideSolutionNode = FALSE
	EndGlobalSection
	GlobalSection(ExtensibilityGlobals) = postSolution
		SolutionGuid = {D84ED177-DC56-43BD-B78F-BF942A197C79}
	EndGlobalSection
EndGlobal
